
Microsoft Visual Studio Solution File, Format Version 12.00
# Visual Studio Version 17
VisualStudioVersion = 17.8.34525.116
MinimumVisualStudioVersion = 10.0.40219.1
Project("{FAE04EC0-301F-11D3-BF4B-00C04F79EFBC}") = "SlaptazodziuSistema", "SlaptazodziuSistema\SlaptazodziuSistema.csproj", "{70295F2E-3180-4F0A-841E-AC01D3229ADD}"
EndProject
Global
	GlobalSection(SolutionConfigurationPlatforms) = preSolution
		Debug|Any CPU = Debug|Any CPU
		Release|Any CPU = Release|Any CPU
	EndGlobalSection
	GlobalSection(ProjectConfigurationPlatforms) = postSolution
		{70295F2E-3180-4F0A-841E-AC01D3229ADD}.Debug|Any CPU.ActiveCfg = Debug|Any CPU
		{70295F2E-3180-4F0A-841E-AC01D3229ADD}.Debug|Any CPU.Build.0 = Debug|Any CPU
		{70295F2E-3180-4F0A-841E-AC01D3229ADD}.Release|Any CPU.ActiveCfg = Release|Any CPU
		{70295F2E-3180-4F0A-841E-AC01D3229ADD}.Release|Any CPU.Build.0 = Release|Any CPU
	EndGlobalSection
	GlobalSection(SolutionProperties) = preSolution
		HideSolutionNode = FALSE
	EndGlobalSection
	GlobalSection(ExtensibilityGlobals) = postSolution
		SolutionGuid = {46647C1C-9251-4CD8-A6EC-339C190B0014}
	EndGlobalSection
EndGlobal
